
Microsoft Visual Studio Solution File, Format Version 12.00
# Visual Studio 14
VisualStudioVersion = 14.0.25420.1
MinimumVisualStudioVersion = 10.0.40219.1
Project("{FAE04EC0-301F-11D3-BF4B-00C04F79EFBC}") = "Voronoi2", "Voronoi2\Voronoi2.csproj", "{F4507B5B-E6AD-48D8-B162-1435E87251BE}"
EndProject
Global
	GlobalSection(SolutionConfigurationPlatforms) = preSolution
		Debug|Any CPU = Debug|Any CPU
		Release|Any CPU = Release|Any CPU
	EndGlobalSection
	GlobalSection(ProjectConfigurationPlatforms) = postSolution
		{F4507B5B-E6AD-48D8-B162-1435E87251BE}.Debug|Any CPU.ActiveCfg = Debug|Any CPU
		{F4507B5B-E6AD-48D8-B162-1435E87251BE}.Debug|Any CPU.Build.0 = Debug|Any CPU
		{F4507B5B-E6AD-48D8-B162-1435E87251BE}.Release|Any CPU.ActiveCfg = Release|Any CPU
		{F4507B5B-E6AD-48D8-B162-1435E87251BE}.Release|Any CPU.Build.0 = Release|Any CPU
	EndGlobalSection
	GlobalSection(SolutionProperties) = preSolution
		HideSolutionNode = FALSE
	EndGlobalSection
EndGlobal
